// !$*UTF8*$!
{
	archiveVersion = 1;
	classes = {
	};
	objectVersion = 48;
	objects = {

/* Begin PBXBuildFile section */
		AA5B096621E112B800DF5DAC /* WeatherViewController.swift in Sources */ = {isa = PBXBuildFile; fileRef = AA5B096521E112B800DF5DAC /* WeatherViewController.swift */; };
		AAAB006721D101060088425F /* AppDelegate.swift in Sources */ = {isa = PBXBuildFile; fileRef = AAAB006621D101060088425F /* AppDelegate.swift */; };
		AAAB006C21D101060088425F /* Main.storyboard in Resources */ = {isa = PBXBuildFile; fileRef = AAAB006A21D101060088425F /* Main.storyboard */; };
		AAAB006E21D101060088425F /* Assets.xcassets in Resources */ = {isa = PBXBuildFile; fileRef = AAAB006D21D101060088425F /* Assets.xcassets */; };
		AAAB007121D101060088425F /* LaunchScreen.storyboard in Resources */ = {isa = PBXBuildFile; fileRef = AAAB006F21D101060088425F /* LaunchScreen.storyboard */; };
		AAC93F0021D23E8B000F98A6 /* Weather.swift in Sources */ = {isa = PBXBuildFile; fileRef = AAC93EFF21D23E8B000F98A6 /* Weather.swift */; };
		AAC93F0221D23EB2000F98A6 /* GetData.swift in Sources */ = {isa = PBXBuildFile; fileRef = AAC93F0121D23EB2000F98A6 /* GetData.swift */; };
		AAD27E6121DE1D6B00D26F72 /* SearchCityTableViewController.swift in Sources */ = {isa = PBXBuildFile; fileRef = AAD27E6021DE1D6B00D26F72 /* SearchCityTableViewController.swift */; };
		AAD27E6321DE2D2400D26F72 /* City.swift in Sources */ = {isa = PBXBuildFile; fileRef = AAD27E6221DE2D2400D26F72 /* City.swift */; };
		AAFA8F1621E2393700A60249 /* UserDefault.swift in Sources */ = {isa = PBXBuildFile; fileRef = AAFA8F1521E2393700A60249 /* UserDefault.swift */; };
/* End PBXBuildFile section */

/* Begin PBXFileReference section */
		AA5B096521E112B800DF5DAC /* WeatherViewController.swift */ = {isa = PBXFileReference; lastKnownFileType = sourcecode.swift; path = WeatherViewController.swift; sourceTree = "<group>"; };
		AAAB006321D101060088425F /* WeatherApp.app */ = {isa = PBXFileReference; explicitFileType = wrapper.application; includeInIndex = 0; path = WeatherApp.app; sourceTree = BUILT_PRODUCTS_DIR; };
		AAAB006621D101060088425F /* AppDelegate.swift */ = {isa = PBXFileReference; lastKnownFileType = sourcecode.swift; path = AppDelegate.swift; sourceTree = "<group>"; };
		AAAB006B21D101060088425F /* Base */ = {isa = PBXFileReference; lastKnownFileType = file.storyboard; name = Base; path = Base.lproj/Main.storyboard; sourceTree = "<group>"; };
		AAAB006D21D101060088425F /* Assets.xcassets */ = {isa = PBXFileReference; lastKnownFileType = folder.assetcatalog; path = Assets.xcassets; sourceTree = "<group>"; };
		AAAB007021D101060088425F /* Base */ = {isa = PBXFileReference; lastKnownFileType = file.storyboard; name = Base; path = Base.lproj/LaunchScreen.storyboard; sourceTree = "<group>"; };
		AAAB007221D101060088425F /* Info.plist */ = {isa = PBXFileReference; lastKnownFileType = text.plist.xml; path = Info.plist; sourceTree = "<group>"; };
		AAC93EFF21D23E8B000F98A6 /* Weather.swift */ = {isa = PBXFileReference; lastKnownFileType = sourcecode.swift; path = Weather.swift; sourceTree = "<group>"; };
		AAC93F0121D23EB2000F98A6 /* GetData.swift */ = {isa = PBXFileReference; lastKnownFileType = sourcecode.swift; path = GetData.swift; sourceTree = "<group>"; };
		AAD27E6021DE1D6B00D26F72 /* SearchCityTableViewController.swift */ = {isa = PBXFileReference; lastKnownFileType = sourcecode.swift; path = SearchCityTableViewController.swift; sourceTree = "<group>"; };
		AAD27E6221DE2D2400D26F72 /* City.swift */ = {isa = PBXFileReference; lastKnownFileType = sourcecode.swift; path = City.swift; sourceTree = "<group>"; };
		AAFA8F1521E2393700A60249 /* UserDefault.swift */ = {isa = PBXFileReference; lastKnownFileType = sourcecode.swift; path = UserDefault.swift; sourceTree = "<group>"; };
/* End PBXFileReference section */

/* Begin PBXFrameworksBuildPhase section */
		AAAB006021D101050088425F /* Frameworks */ = {
			isa = PBXFrameworksBuildPhase;
			buildActionMask = 2147483647;
			files = (
			);
			runOnlyForDeploymentPostprocessing = 0;
		};
/* End PBXFrameworksBuildPhase section */

/* Begin PBXGroup section */
		AAAB005A21D101050088425F = {
			isa = PBXGroup;
			children = (
				AAAB006521D101060088425F /* WeatherApp */,
				AAAB006421D101060088425F /* Products */,
			);
			sourceTree = "<group>";
		};
		AAAB006421D101060088425F /* Products */ = {
			isa = PBXGroup;
			children = (
				AAAB006321D101060088425F /* WeatherApp.app */,
			);
			name = Products;
			sourceTree = "<group>";
		};
		AAAB006521D101060088425F /* WeatherApp */ = {
			isa = PBXGroup;
			children = (
				AAD27E5721DE15CC00D26F72 /* Controller */,
				AAC93EFE21D23E5E000F98A6 /* Data */,
				AAAB006621D101060088425F /* AppDelegate.swift */,
				AAAB006A21D101060088425F /* Main.storyboard */,
				AAAB006D21D101060088425F /* Assets.xcassets */,
				AAAB006F21D101060088425F /* LaunchScreen.storyboard */,
				AAAB007221D101060088425F /* Info.plist */,
			);
			path = WeatherApp;
			sourceTree = "<group>";
		};
		AAC93EFE21D23E5E000F98A6 /* Data */ = {
			isa = PBXGroup;
			children = (
				AAC93EFF21D23E8B000F98A6 /* Weather.swift */,
				AAC93F0121D23EB2000F98A6 /* GetData.swift */,
				AAD27E6221DE2D2400D26F72 /* City.swift */,
				AAFA8F1521E2393700A60249 /* UserDefault.swift */,
			);
			path = Data;
			sourceTree = "<group>";
		};
		AAD27E5721DE15CC00D26F72 /* Controller */ = {
			isa = PBXGroup;
			children = (
				AAD27E6021DE1D6B00D26F72 /* SearchCityTableViewController.swift */,
				AA5B096521E112B800DF5DAC /* WeatherViewController.swift */,
			);
			path = Controller;
			sourceTree = "<group>";
		};
/* End PBXGroup section */

/* Begin PBXNativeTarget section */
		AAAB006221D101050088425F /* WeatherApp */ = {
			isa = PBXNativeTarget;
			buildConfigurationList = AAAB007521D101060088425F /* Build configuration list for PBXNativeTarget "WeatherApp" */;
			buildPhases = (
				AAAB005F21D101050088425F /* Sources */,
				AAAB006021D101050088425F /* Frameworks */,
				AAAB006121D101050088425F /* Resources */,
			);
			buildRules = (
			);
			dependencies = (
			);
			name = WeatherApp;
			productName = WeatherApp;
			productReference = AAAB006321D101060088425F /* WeatherApp.app */;
			productType = "com.apple.product-type.application";
		};
/* End PBXNativeTarget section */

/* Begin PBXProject section */
		AAAB005B21D101050088425F /* Project object */ = {
			isa = PBXProject;
			attributes = {
				LastSwiftUpdateCheck = 0920;
				LastUpgradeCheck = 0920;
				ORGANIZATIONNAME = "Niklas Persson";
				TargetAttributes = {
					AAAB006221D101050088425F = {
						CreatedOnToolsVersion = 9.2;
						ProvisioningStyle = Automatic;
					};
				};
			};
			buildConfigurationList = AAAB005E21D101050088425F /* Build configuration list for PBXProject "WeatherApp" */;
			compatibilityVersion = "Xcode 8.0";
			developmentRegion = en;
			hasScannedForEncodings = 0;
			knownRegions = (
				en,
				Base,
			);
			mainGroup = AAAB005A21D101050088425F;
			productRefGroup = AAAB006421D101060088425F /* Products */;
			projectDirPath = "";
			projectRoot = "";
			targets = (
				AAAB006221D101050088425F /* WeatherApp */,
			);
		};
/* End PBXProject section */

/* Begin PBXResourcesBuildPhase section */
		AAAB006121D101050088425F /* Resources */ = {
			isa = PBXResourcesBuildPhase;
			buildActionMask = 2147483647;
			files = (
				AAAB007121D101060088425F /* LaunchScreen.storyboard in Resources */,
				AAAB006E21D101060088425F /* Assets.xcassets in Resources */,
				AAAB006C21D101060088425F /* Main.storyboard in Resources */,
			);
			runOnlyForDeploymentPostprocessing = 0;
		};
/* End PBXResourcesBuildPhase section */

/* Begin PBXSourcesBuildPhase section */
		AAAB005F21D101050088425F /* Sources */ = {
			isa = PBXSourcesBuildPhase;
			buildActionMask = 2147483647;
			files = (
				AAC93F0021D23E8B000F98A6 /* Weather.swift in Sources */,
				AAFA8F1621E2393700A60249 /* UserDefault.swift in Sources */,
				AAD27E6321DE2D2400D26F72 /* City.swift in Sources */,
				AAC93F0221D23EB2000F98A6 /* GetData.swift in Sources */,
				AA5B096621E112B800DF5DAC /* WeatherViewController.swift in Sources */,
				AAD27E6121DE1D6B00D26F72 /* SearchCityTableViewController.swift in Sources */,
				AAAB006721D101060088425F /* AppDelegate.swift in Sources */,
			);
			runOnlyForDeploymentPostprocessing = 0;
		};
/* End PBXSourcesBuildPhase section */

/* Begin PBXVariantGroup section */
		AAAB006A21D101060088425F /* Main.storyboard */ = {
			isa = PBXVariantGroup;
			children = (
				AAAB006B21D101060088425F /* Base */,
			);
			name = Main.storyboard;
			sourceTree = "<group>";
		};
		AAAB006F21D101060088425F /* LaunchScreen.storyboard */ = {
			isa = PBXVariantGroup;
			children = (
				AAAB007021D101060088425F /* Base */,
			);
			name = LaunchScreen.storyboard;
			sourceTree = "<group>";
		};
/* End PBXVariantGroup section */

/* Begin XCBuildConfiguration section */
		AAAB007321D101060088425F /* Debug */ = {
			isa = XCBuildConfiguration;
			buildSettings = {
				ALWAYS_SEARCH_USER_PATHS = NO;
				CLANG_ANALYZER_NONNULL = YES;
				CLANG_ANALYZER_NUMBER_OBJECT_CONVERSION = YES_AGGRESSIVE;
				CLANG_CXX_LANGUAGE_STANDARD = "gnu++14";
				CLANG_CXX_LIBRARY = "libc++";
				CLANG_ENABLE_MODULES = YES;
				CLANG_ENABLE_OBJC_ARC = YES;
				CLANG_WARN_BLOCK_CAPTURE_AUTORELEASING = YES;
				CLANG_WARN_BOOL_CONVERSION = YES;
				CLANG_WARN_COMMA = YES;
				CLANG_WARN_CONSTANT_CONVERSION = YES;
				CLANG_WARN_DIRECT_OBJC_ISA_USAGE = YES_ERROR;
				CLANG_WARN_DOCUMENTATION_COMMENTS = YES;
				CLANG_WARN_EMPTY_BODY = YES;
				CLANG_WARN_ENUM_CONVERSION = YES;
				CLANG_WARN_INFINITE_RECURSION = YES;
				CLANG_WARN_INT_CONVERSION = YES;
				CLANG_WARN_NON_LITERAL_NULL_CONVERSION = YES;
				CLANG_WARN_OBJC_LITERAL_CONVERSION = YES;
				CLANG_WARN_OBJC_ROOT_CLASS = YES_ERROR;
				CLANG_WARN_RANGE_LOOP_ANALYSIS = YES;
				CLANG_WARN_STRICT_PROTOTYPES = YES;
				CLANG_WARN_SUSPICIOUS_MOVE = YES;
				CLANG_WARN_UNGUARDED_AVAILABILITY = YES_AGGRESSIVE;
				CLANG_WARN_UNREACHABLE_CODE = YES;
				CLANG_WARN__DUPLICATE_METHOD_MATCH = YES;
				CODE_SIGN_IDENTITY = "iPhone Developer";
				COPY_PHASE_STRIP = NO;
				DEBUG_INFORMATION_FORMAT = dwarf;
				ENABLE_STRICT_OBJC_MSGSEND = YES;
				ENABLE_TESTABILITY = YES;
				GCC_C_LANGUAGE_STANDARD = gnu11;
				GCC_DYNAMIC_NO_PIC = NO;
				GCC_NO_COMMON_BLOCKS = YES;
				GCC_OPTIMIZATION_LEVEL = 0;
				GCC_PREPROCESSOR_DEFINITIONS = (
					"DEBUG=1",
					"$(inherited)",
				);
				GCC_WARN_64_TO_32_BIT_CONVERSION = YES;
				GCC_WARN_ABOUT_RETURN_TYPE = YES_ERROR;
				GCC_WARN_UNDECLARED_SELECTOR = YES;
				GCC_WARN_UNINITIALIZED_AUTOS = YES_AGGRESSIVE;
				GCC_WARN_UNUSED_FUNCTION = YES;
				GCC_WARN_UNUSED_VARIABLE = YES;
				IPHONEOS_DEPLOYMENT_TARGET = 11.2;
				MTL_ENABLE_DEBUG_INFO = YES;
				ONLY_ACTIVE_ARCH = YES;
				SDKROOT = iphoneos;
				SWIFT_ACTIVE_COMPILATION_CONDITIONS = DEBUG;
				SWIFT_OPTIMIZATION_LEVEL = "-Onone";
			};
			name = Debug;
		};
		AAAB007421D101060088425F /* Release */ = {
			isa = XCBuildConfiguration;
			buildSettings = {
				ALWAYS_SEARCH_USER_PATHS = NO;
				CLANG_ANALYZER_NONNULL = YES;
				CLANG_ANALYZER_NUMBER_OBJECT_CONVERSION = YES_AGGRESSIVE;
				CLANG_CXX_LANGUAGE_STANDARD = "gnu++14";
				CLANG_CXX_LIBRARY = "libc++";
				CLANG_ENABLE_MODULES = YES;
				CLANG_ENABLE_OBJC_ARC = YES;
				CLANG_WARN_BLOCK_CAPTURE_AUTORELEASING = YES;
				CLANG_WARN_BOOL_CONVERSION = YES;
				CLANG_WARN_COMMA = YES;
				CLANG_WARN_CONSTANT_CONVERSION = YES;
				CLANG_WARN_DIRECT_OBJC_ISA_USAGE = YES_ERROR;
				CLANG_WARN_DOCUMENTATION_COMMENTS = YES;
				CLANG_WARN_EMPTY_BODY = YES;
				CLANG_WARN_ENUM_CONVERSION = YES;
				CLANG_WARN_INFINITE_RECURSION = YES;
				CLANG_WARN_INT_CONVERSION = YES;
				CLANG_WARN_NON_LITERAL_NULL_CONVERSION = YES;
				CLANG_WARN_OBJC_LITERAL_CONVERSION = YES;
				CLANG_WARN_OBJC_ROOT_CLASS = YES_ERROR;
				CLANG_WARN_RANGE_LOOP_ANALYSIS = YES;
				CLANG_WARN_STRICT_PROTOTYPES = YES;
				CLANG_WARN_SUSPICIOUS_MOVE = YES;
				CLANG_WARN_UNGUARDED_AVAILABILITY = YES_AGGRESSIVE;
				CLANG_WARN_UNREACHABLE_CODE = YES;
				CLANG_WARN__DUPLICATE_METHOD_MATCH = YES;
				CODE_SIGN_IDENTITY = "iPhone Developer";
				COPY_PHASE_STRIP = NO;
				DEBUG_INFORMATION_FORMAT = "dwarf-with-dsym";
				ENABLE_NS_ASSERTIONS = NO;
				ENABLE_STRICT_OBJC_MSGSEND = YES;
				GCC_C_LANGUAGE_STANDARD = gnu11;
				GCC_NO_COMMON_BLOCKS = YES;
				GCC_WARN_64_TO_32_BIT_CONVERSION = YES;
				GCC_WARN_ABOUT_RETURN_TYPE = YES_ERROR;
				GCC_WARN_UNDECLARED_SELECTOR = YES;
				GCC_WARN_UNINITIALIZED_AUTOS = YES_AGGRESSIVE;
				GCC_WARN_UNUSED_FUNCTION = YES;
				GCC_WARN_UNUSED_VARIABLE = YES;
				IPHONEOS_DEPLOYMENT_TARGET = 11.2;
				MTL_ENABLE_DEBUG_INFO = NO;
				SDKROOT = iphoneos;
				SWIFT_OPTIMIZATION_LEVEL = "-Owholemodule";
				VALIDATE_PRODUCT = YES;
			};
			name = Release;
		};
		AAAB007621D101060088425F /* Debug */ = {
			isa = XCBuildConfiguration;
			buildSettings = {
				ASSETCATALOG_COMPILER_APPICON_NAME = AppIcon;
				CODE_SIGN_STYLE = Automatic;
				DEVELOPMENT_TEAM = P8A6Q3R3SN;
				INFOPLIST_FILE = WeatherApp/Info.plist;
				LD_RUNPATH_SEARCH_PATHS = "$(inherited) @executable_path/Frameworks";
				PRODUCT_BUNDLE_IDENTIFIER = com.npflash.WeatherApp;
				PRODUCT_NAME = "$(TARGET_NAME)";
				SWIFT_VERSION = 4.0;
				TARGETED_DEVICE_FAMILY = "1,2";
			};
			name = Debug;
		};
		AAAB007721D101060088425F /* Release */ = {
			isa = XCBuildConfiguration;
			buildSettings = {
				ASSETCATALOG_COMPILER_APPICON_NAME = AppIcon;
				CODE_SIGN_STYLE = Automatic;
				DEVELOPMENT_TEAM = P8A6Q3R3SN;
				INFOPLIST_FILE = WeatherApp/Info.plist;
				LD_RUNPATH_SEARCH_PATHS = "$(inherited) @executable_path/Frameworks";
				PRODUCT_BUNDLE_IDENTIFIER = com.npflash.WeatherApp;
				PRODUCT_NAME = "$(TARGET_NAME)";
				SWIFT_VERSION = 4.0;
				TARGETED_DEVICE_FAMILY = "1,2";
			};
			name = Release;
		};
/* End XCBuildConfiguration section */

/* Begin XCConfigurationList section */
		AAAB005E21D101050088425F /* Build configuration list for PBXProject "WeatherApp" */ = {
			isa = XCConfigurationList;
			buildConfigurations = (
				AAAB007321D101060088425F /* Debug */,
				AAAB007421D101060088425F /* Release */,
			);
			defaultConfigurationIsVisible = 0;
			defaultConfigurationName = Release;
		};
		AAAB007521D101060088425F /* Build configuration list for PBXNativeTarget "WeatherApp" */ = {
			isa = XCConfigurationList;
			buildConfigurations = (
				AAAB007621D101060088425F /* Debug */,
				AAAB007721D101060088425F /* Release */,
			);
			defaultConfigurationIsVisible = 0;
			defaultConfigurationName = Release;
		};
/* End XCConfigurationList section */
	};
	rootObject = AAAB005B21D101050088425F /* Project object */;
}
